
Microsoft Visual Studio Solution File, Format Version 12.00
# Visual Studio 15
VisualStudioVersion = 15.0.28307.329
MinimumVisualStudioVersion = 10.0.40219.1
Project("{FAE04EC0-301F-11D3-BF4B-00C04F79EFBC}") = "tuSaludEnMisManos", "tuSaludEnMisManos\tuSaludEnMisManos.csproj", "{4894A7EC-AB30-46CE-8B5B-207F2330E15D}"
EndProject
Project("{FAE04EC0-301F-11D3-BF4B-00C04F79EFBC}") = "ESTRUCTURAS", "ESTRUCTURAS\ESTRUCTURAS.csproj", "{2281A045-33E4-4E62-9C4F-2561C3709858}"
EndProject
Global
	GlobalSection(SolutionConfigurationPlatforms) = preSolution
		Debug|Any CPU = Debug|Any CPU
		Release|Any CPU = Release|Any CPU
	EndGlobalSection
	GlobalSection(ProjectConfigurationPlatforms) = postSolution
		{4894A7EC-AB30-46CE-8B5B-207F2330E15D}.Debug|Any CPU.ActiveCfg = Debug|Any CPU
		{4894A7EC-AB30-46CE-8B5B-207F2330E15D}.Debug|Any CPU.Build.0 = Debug|Any CPU
		{4894A7EC-AB30-46CE-8B5B-207F2330E15D}.Release|Any CPU.ActiveCfg = Release|Any CPU
		{4894A7EC-AB30-46CE-8B5B-207F2330E15D}.Release|Any CPU.Build.0 = Release|Any CPU
		{2281A045-33E4-4E62-9C4F-2561C3709858}.Debug|Any CPU.ActiveCfg = Debug|Any CPU
		{2281A045-33E4-4E62-9C4F-2561C3709858}.Debug|Any CPU.Build.0 = Debug|Any CPU
		{2281A045-33E4-4E62-9C4F-2561C3709858}.Release|Any CPU.ActiveCfg = Release|Any CPU
		{2281A045-33E4-4E62-9C4F-2561C3709858}.Release|Any CPU.Build.0 = Release|Any CPU
	EndGlobalSection
	GlobalSection(SolutionProperties) = preSolution
		HideSolutionNode = FALSE
	EndGlobalSection
	GlobalSection(ExtensibilityGlobals) = postSolution
		SolutionGuid = {D6778483-E17A-4208-B1AF-17A6CF13A79F}
	EndGlobalSection
EndGlobal
